
Microsoft Visual Studio Solution File, Format Version 12.00
# Visual Studio Version 16
VisualStudioVersion = 16.0.29519.87
MinimumVisualStudioVersion = 10.0.40219.1
Project("{9A19103F-16F7-4668-BE54-9A1E7A4F7556}") = "Faaast.Metadata", "src\Faaast.Metadata\Faaast.Metadata.csproj", "{B5E725FD-C68C-4BD9-9223-9B2C1B419DF0}"
EndProject
Project("{9A19103F-16F7-4668-BE54-9A1E7A4F7556}") = "Faaast.SeoRouter", "src\Faaast.SeoRouter\Faaast.SeoRouter.csproj", "{34F6C66B-E1AD-45A6-8F1B-87BAC1E07A7B}"
EndProject
Project("{9A19103F-16F7-4668-BE54-9A1E7A4F7556}") = "Faaast.Orm", "src\Faaast.Orm\Faaast.Orm.csproj", "{FA61BF4A-1329-4738-B759-E4410C56EFD6}"
EndProject
Project("{2150E333-8FDC-42A3-9474-1A3956D46DE8}") = "Config", "Config", "{961EC79F-F3A0-4280-A47A-85B9E49E35DC}"
	ProjectSection(SolutionItems) = preProject
		Directory.Build.props = Directory.Build.props
		icon.png = icon.png
		README.md = README.md
	EndProjectSection
EndProject
Project("{9A19103F-16F7-4668-BE54-9A1E7A4F7556}") = "Faaast.Authentication.OAuth2", "src\Faaast.Authentication.OAuth2\Faaast.Authentication.OAuth2.csproj", "{87C8E71D-1771-4413-8A0E-305C8A332C8A}"
EndProject
Project("{9A19103F-16F7-4668-BE54-9A1E7A4F7556}") = "Faaast.Orm.QueryBuilder", "src\Faaast.Orm.QueryBuilder\Faaast.Orm.QueryBuilder.csproj", "{3A49B3B9-0254-490D-B787-8C327CCC91CA}"
EndProject
Project("{9A19103F-16F7-4668-BE54-9A1E7A4F7556}") = "Faaast.Authentication.OAuth2Server", "src\Faaast.OAuth2Server\Faaast.Authentication.OAuth2Server.csproj", "{C407C076-3F26-4E98-837B-78136E71A675}"
EndProject
Project("{9A19103F-16F7-4668-BE54-9A1E7A4F7556}") = "Faaast.Tests", "src\Faaast.Tests\Faaast.Tests.csproj", "{1098A113-2402-4E75-8723-ED773F93DC22}"
EndProject
Project("{9A19103F-16F7-4668-BE54-9A1E7A4F7556}") = "Sample.Metadata", "Samples\Sample.Metadata\Sample.Metadata.csproj", "{23DF5FAC-6A95-4BC7-980A-44A357E3DEDD}"
EndProject
Project("{2150E333-8FDC-42A3-9474-1A3956D46DE8}") = "Metadata", "Metadata", "{1EAA5D89-076D-47E7-98CE-C8AD3E0FF12E}"
EndProject
Project("{2150E333-8FDC-42A3-9474-1A3956D46DE8}") = "Orm", "Orm", "{506EEDFB-5115-4298-B453-04546D0143BC}"
EndProject
Project("{2150E333-8FDC-42A3-9474-1A3956D46DE8}") = "OAuth2", "OAuth2", "{80071584-1499-451C-8ADF-213401D58502}"
EndProject
Project("{2150E333-8FDC-42A3-9474-1A3956D46DE8}") = "Routing", "Routing", "{D735E87B-3875-417A-BA5D-CA0D724D1252}"
EndProject
Global
	GlobalSection(SolutionConfigurationPlatforms) = preSolution
		Debug|Any CPU = Debug|Any CPU
		Publish|Any CPU = Publish|Any CPU
		Release|Any CPU = Release|Any CPU
	EndGlobalSection
	GlobalSection(ProjectConfigurationPlatforms) = postSolution
		{B5E725FD-C68C-4BD9-9223-9B2C1B419DF0}.Debug|Any CPU.ActiveCfg = Debug|Any CPU
		{B5E725FD-C68C-4BD9-9223-9B2C1B419DF0}.Debug|Any CPU.Build.0 = Debug|Any CPU
		{B5E725FD-C68C-4BD9-9223-9B2C1B419DF0}.Publish|Any CPU.ActiveCfg = Publish|Any CPU
		{B5E725FD-C68C-4BD9-9223-9B2C1B419DF0}.Publish|Any CPU.Build.0 = Publish|Any CPU
		{B5E725FD-C68C-4BD9-9223-9B2C1B419DF0}.Release|Any CPU.ActiveCfg = Release|Any CPU
		{B5E725FD-C68C-4BD9-9223-9B2C1B419DF0}.Release|Any CPU.Build.0 = Release|Any CPU
		{34F6C66B-E1AD-45A6-8F1B-87BAC1E07A7B}.Debug|Any CPU.ActiveCfg = Debug|Any CPU
		{34F6C66B-E1AD-45A6-8F1B-87BAC1E07A7B}.Debug|Any CPU.Build.0 = Debug|Any CPU
		{34F6C66B-E1AD-45A6-8F1B-87BAC1E07A7B}.Publish|Any CPU.ActiveCfg = Publish|Any CPU
		{34F6C66B-E1AD-45A6-8F1B-87BAC1E07A7B}.Publish|Any CPU.Build.0 = Publish|Any CPU
		{34F6C66B-E1AD-45A6-8F1B-87BAC1E07A7B}.Release|Any CPU.ActiveCfg = Release|Any CPU
		{34F6C66B-E1AD-45A6-8F1B-87BAC1E07A7B}.Release|Any CPU.Build.0 = Release|Any CPU
		{FA61BF4A-1329-4738-B759-E4410C56EFD6}.Debug|Any CPU.ActiveCfg = Debug|Any CPU
		{FA61BF4A-1329-4738-B759-E4410C56EFD6}.Debug|Any CPU.Build.0 = Debug|Any CPU
		{FA61BF4A-1329-4738-B759-E4410C56EFD6}.Publish|Any CPU.ActiveCfg = Publish|Any CPU
		{FA61BF4A-1329-4738-B759-E4410C56EFD6}.Publish|Any CPU.Build.0 = Publish|Any CPU
		{FA61BF4A-1329-4738-B759-E4410C56EFD6}.Release|Any CPU.ActiveCfg = Release|Any CPU
		{FA61BF4A-1329-4738-B759-E4410C56EFD6}.Release|Any CPU.Build.0 = Release|Any CPU
		{87C8E71D-1771-4413-8A0E-305C8A332C8A}.Debug|Any CPU.ActiveCfg = Debug|Any CPU
		{87C8E71D-1771-4413-8A0E-305C8A332C8A}.Debug|Any CPU.Build.0 = Debug|Any CPU
		{87C8E71D-1771-4413-8A0E-305C8A332C8A}.Publish|Any CPU.ActiveCfg = Publish|Any CPU
		{87C8E71D-1771-4413-8A0E-305C8A332C8A}.Publish|Any CPU.Build.0 = Publish|Any CPU
		{87C8E71D-1771-4413-8A0E-305C8A332C8A}.Release|Any CPU.ActiveCfg = Release|Any CPU
		{87C8E71D-1771-4413-8A0E-305C8A332C8A}.Release|Any CPU.Build.0 = Release|Any CPU
		{3A49B3B9-0254-490D-B787-8C327CCC91CA}.Debug|Any CPU.ActiveCfg = Debug|Any CPU
		{3A49B3B9-0254-490D-B787-8C327CCC91CA}.Debug|Any CPU.Build.0 = Debug|Any CPU
		{3A49B3B9-0254-490D-B787-8C327CCC91CA}.Publish|Any CPU.ActiveCfg = Publish|Any CPU
		{3A49B3B9-0254-490D-B787-8C327CCC91CA}.Publish|Any CPU.Build.0 = Publish|Any CPU
		{3A49B3B9-0254-490D-B787-8C327CCC91CA}.Release|Any CPU.ActiveCfg = Release|Any CPU
		{3A49B3B9-0254-490D-B787-8C327CCC91CA}.Release|Any CPU.Build.0 = Release|Any CPU
		{C407C076-3F26-4E98-837B-78136E71A675}.Debug|Any CPU.ActiveCfg = Debug|Any CPU
		{C407C076-3F26-4E98-837B-78136E71A675}.Debug|Any CPU.Build.0 = Debug|Any CPU
		{C407C076-3F26-4E98-837B-78136E71A675}.Publish|Any CPU.ActiveCfg = Publish|Any CPU
		{C407C076-3F26-4E98-837B-78136E71A675}.Publish|Any CPU.Build.0 = Publish|Any CPU
		{C407C076-3F26-4E98-837B-78136E71A675}.Release|Any CPU.ActiveCfg = Release|Any CPU
		{C407C076-3F26-4E98-837B-78136E71A675}.Release|Any CPU.Build.0 = Release|Any CPU
		{1098A113-2402-4E75-8723-ED773F93DC22}.Debug|Any CPU.ActiveCfg = Debug|Any CPU
		{1098A113-2402-4E75-8723-ED773F93DC22}.Debug|Any CPU.Build.0 = Debug|Any CPU
		{1098A113-2402-4E75-8723-ED773F93DC22}.Publish|Any CPU.ActiveCfg = Debug|Any CPU
		{1098A113-2402-4E75-8723-ED773F93DC22}.Publish|Any CPU.Build.0 = Debug|Any CPU
		{1098A113-2402-4E75-8723-ED773F93DC22}.Release|Any CPU.ActiveCfg = Release|Any CPU
		{1098A113-2402-4E75-8723-ED773F93DC22}.Release|Any CPU.Build.0 = Release|Any CPU
		{23DF5FAC-6A95-4BC7-980A-44A357E3DEDD}.Debug|Any CPU.ActiveCfg = Debug|Any CPU
		{23DF5FAC-6A95-4BC7-980A-44A357E3DEDD}.Debug|Any CPU.Build.0 = Debug|Any CPU
		{23DF5FAC-6A95-4BC7-980A-44A357E3DEDD}.Publish|Any CPU.ActiveCfg = Debug|Any CPU
		{23DF5FAC-6A95-4BC7-980A-44A357E3DEDD}.Publish|Any CPU.Build.0 = Debug|Any CPU
		{23DF5FAC-6A95-4BC7-980A-44A357E3DEDD}.Release|Any CPU.ActiveCfg = Release|Any CPU
		{23DF5FAC-6A95-4BC7-980A-44A357E3DEDD}.Release|Any CPU.Build.0 = Release|Any CPU
	EndGlobalSection
	GlobalSection(SolutionProperties) = preSolution
		HideSolutionNode = FALSE
	EndGlobalSection
	GlobalSection(NestedProjects) = preSolution
		{B5E725FD-C68C-4BD9-9223-9B2C1B419DF0} = {1EAA5D89-076D-47E7-98CE-C8AD3E0FF12E}
		{34F6C66B-E1AD-45A6-8F1B-87BAC1E07A7B} = {D735E87B-3875-417A-BA5D-CA0D724D1252}
		{FA61BF4A-1329-4738-B759-E4410C56EFD6} = {506EEDFB-5115-4298-B453-04546D0143BC}
		{87C8E71D-1771-4413-8A0E-305C8A332C8A} = {80071584-1499-451C-8ADF-213401D58502}
		{3A49B3B9-0254-490D-B787-8C327CCC91CA} = {506EEDFB-5115-4298-B453-04546D0143BC}
		{C407C076-3F26-4E98-837B-78136E71A675} = {80071584-1499-451C-8ADF-213401D58502}
		{23DF5FAC-6A95-4BC7-980A-44A357E3DEDD} = {1EAA5D89-076D-47E7-98CE-C8AD3E0FF12E}
	EndGlobalSection
	GlobalSection(ExtensibilityGlobals) = postSolution
		SolutionGuid = {087104AF-30C6-453A-9150-CFA589030A30}
	EndGlobalSection
EndGlobal
