
Microsoft Visual Studio Solution File, Format Version 12.00
# Visual Studio Version 16
VisualStudioVersion = 16.0.29519.87
MinimumVisualStudioVersion = 10.0.40219.1
Project("{9A19103F-16F7-4668-BE54-9A1E7A4F7556}") = "Faaast.Metadata", "Faaast.Metadata\Faaast.Metadata.csproj", "{B5E725FD-C68C-4BD9-9223-9B2C1B419DF0}"
EndProject
Project("{9A19103F-16F7-4668-BE54-9A1E7A4F7556}") = "Faaast.SeoRouter", "Faaast.SeoRouter\Faaast.SeoRouter.csproj", "{34F6C66B-E1AD-45A6-8F1B-87BAC1E07A7B}"
EndProject
Global
	GlobalSection(SolutionConfigurationPlatforms) = preSolution
		Debug|Any CPU = Debug|Any CPU
		Release|Any CPU = Release|Any CPU
	EndGlobalSection
	GlobalSection(ProjectConfigurationPlatforms) = postSolution
		{B5E725FD-C68C-4BD9-9223-9B2C1B419DF0}.Debug|Any CPU.ActiveCfg = Debug|Any CPU
		{B5E725FD-C68C-4BD9-9223-9B2C1B419DF0}.Debug|Any CPU.Build.0 = Debug|Any CPU
		{B5E725FD-C68C-4BD9-9223-9B2C1B419DF0}.Release|Any CPU.ActiveCfg = Release|Any CPU
		{B5E725FD-C68C-4BD9-9223-9B2C1B419DF0}.Release|Any CPU.Build.0 = Release|Any CPU
		{34F6C66B-E1AD-45A6-8F1B-87BAC1E07A7B}.Debug|Any CPU.ActiveCfg = Debug|Any CPU
		{34F6C66B-E1AD-45A6-8F1B-87BAC1E07A7B}.Debug|Any CPU.Build.0 = Debug|Any CPU
		{34F6C66B-E1AD-45A6-8F1B-87BAC1E07A7B}.Release|Any CPU.ActiveCfg = Release|Any CPU
		{34F6C66B-E1AD-45A6-8F1B-87BAC1E07A7B}.Release|Any CPU.Build.0 = Release|Any CPU
	EndGlobalSection
	GlobalSection(SolutionProperties) = preSolution
		HideSolutionNode = FALSE
	EndGlobalSection
	GlobalSection(ExtensibilityGlobals) = postSolution
		SolutionGuid = {087104AF-30C6-453A-9150-CFA589030A30}
	EndGlobalSection
EndGlobal
